
Microsoft Visual Studio Solution File, Format Version 12.00
# Visual Studio Version 17
VisualStudioVersion = 17.1.32414.318
MinimumVisualStudioVersion = 10.0.40219.1
Project("{FAE04EC0-301F-11D3-BF4B-00C04F79EFBC}") = "Lab-6", "Lab-6\Lab-6.csproj", "{C0E99D0D-B12A-4B47-98D1-8939379AE27D}"
EndProject
Global
	GlobalSection(SolutionConfigurationPlatforms) = preSolution
		Debug|Any CPU = Debug|Any CPU
		Release|Any CPU = Release|Any CPU
	EndGlobalSection
	GlobalSection(ProjectConfigurationPlatforms) = postSolution
		{C0E99D0D-B12A-4B47-98D1-8939379AE27D}.Debug|Any CPU.ActiveCfg = Debug|Any CPU
		{C0E99D0D-B12A-4B47-98D1-8939379AE27D}.Debug|Any CPU.Build.0 = Debug|Any CPU
		{C0E99D0D-B12A-4B47-98D1-8939379AE27D}.Release|Any CPU.ActiveCfg = Release|Any CPU
		{C0E99D0D-B12A-4B47-98D1-8939379AE27D}.Release|Any CPU.Build.0 = Release|Any CPU
	EndGlobalSection
	GlobalSection(SolutionProperties) = preSolution
		HideSolutionNode = FALSE
	EndGlobalSection
	GlobalSection(ExtensibilityGlobals) = postSolution
		SolutionGuid = {1167609D-2703-40E9-ACEF-B8C0B3420698}
	EndGlobalSection
EndGlobal
